// !$*UTF8*$!
{
	archiveVersion = 1;
	classes = {
	};
	objectVersion = 50;
	objects = {

/* Begin PBXBuildFile section */
		223FBF222116326A00729F79 /* PopVC.swift in Sources */ = {isa = PBXBuildFile; fileRef = 223FBF212116326A00729F79 /* PopVC.swift */; };
		2268638820F94BEE00FEEB55 /* DroppablePin.swift in Sources */ = {isa = PBXBuildFile; fileRef = 2268638720F94BEE00FEEB55 /* DroppablePin.swift */; };
		22806A88211470830055F493 /* PhotoCell.swift in Sources */ = {isa = PBXBuildFile; fileRef = 22806A87211470830055F493 /* PhotoCell.swift */; };
		22806A8A21149DA60055F493 /* Constants.swift in Sources */ = {isa = PBXBuildFile; fileRef = 22806A8921149DA60055F493 /* Constants.swift */; };
		22F723AD20F83A9D002F8F9E /* AppDelegate.swift in Sources */ = {isa = PBXBuildFile; fileRef = 22F723AC20F83A9D002F8F9E /* AppDelegate.swift */; };
		22F723AF20F83A9D002F8F9E /* MapVC.swift in Sources */ = {isa = PBXBuildFile; fileRef = 22F723AE20F83A9D002F8F9E /* MapVC.swift */; };
		22F723B220F83A9D002F8F9E /* Main.storyboard in Resources */ = {isa = PBXBuildFile; fileRef = 22F723B020F83A9D002F8F9E /* Main.storyboard */; };
		22F723B420F83AAB002F8F9E /* Assets.xcassets in Resources */ = {isa = PBXBuildFile; fileRef = 22F723B320F83AAB002F8F9E /* Assets.xcassets */; };
		22F723B720F83AAB002F8F9E /* LaunchScreen.storyboard in Resources */ = {isa = PBXBuildFile; fileRef = 22F723B520F83AAB002F8F9E /* LaunchScreen.storyboard */; };
		824F69CD191296D4F32AB244 /* Pods_PixelCityApp.framework in Frameworks */ = {isa = PBXBuildFile; fileRef = 9A2619610862C5DA757BD46D /* Pods_PixelCityApp.framework */; };
		910AEF33220D652A00332702 /* GradientView.swift in Sources */ = {isa = PBXBuildFile; fileRef = 910AEF32220D652A00332702 /* GradientView.swift */; };
		910AEF35220D725200332702 /* CustomLabel.swift in Sources */ = {isa = PBXBuildFile; fileRef = 910AEF34220D725200332702 /* CustomLabel.swift */; };
/* End PBXBuildFile section */

/* Begin PBXFileReference section */
		223FBF212116326A00729F79 /* PopVC.swift */ = {isa = PBXFileReference; lastKnownFileType = sourcecode.swift; path = PopVC.swift; sourceTree = "<group>"; };
		2268638720F94BEE00FEEB55 /* DroppablePin.swift */ = {isa = PBXFileReference; lastKnownFileType = sourcecode.swift; path = DroppablePin.swift; sourceTree = "<group>"; };
		22806A87211470830055F493 /* PhotoCell.swift */ = {isa = PBXFileReference; lastKnownFileType = sourcecode.swift; path = PhotoCell.swift; sourceTree = "<group>"; };
		22806A8921149DA60055F493 /* Constants.swift */ = {isa = PBXFileReference; lastKnownFileType = sourcecode.swift; path = Constants.swift; sourceTree = "<group>"; };
		22F723A920F83A9D002F8F9E /* PixelCityApp.app */ = {isa = PBXFileReference; explicitFileType = wrapper.application; includeInIndex = 0; path = PixelCityApp.app; sourceTree = BUILT_PRODUCTS_DIR; };
		22F723AC20F83A9D002F8F9E /* AppDelegate.swift */ = {isa = PBXFileReference; lastKnownFileType = sourcecode.swift; path = AppDelegate.swift; sourceTree = "<group>"; };
		22F723AE20F83A9D002F8F9E /* MapVC.swift */ = {isa = PBXFileReference; lastKnownFileType = sourcecode.swift; path = MapVC.swift; sourceTree = "<group>"; };
		22F723B120F83A9D002F8F9E /* Base */ = {isa = PBXFileReference; lastKnownFileType = file.storyboard; name = Base; path = Base.lproj/Main.storyboard; sourceTree = "<group>"; };
		22F723B320F83AAB002F8F9E /* Assets.xcassets */ = {isa = PBXFileReference; lastKnownFileType = folder.assetcatalog; path = Assets.xcassets; sourceTree = "<group>"; };
		22F723B620F83AAB002F8F9E /* Base */ = {isa = PBXFileReference; lastKnownFileType = file.storyboard; name = Base; path = Base.lproj/LaunchScreen.storyboard; sourceTree = "<group>"; };
		22F723B820F83AAB002F8F9E /* Info.plist */ = {isa = PBXFileReference; lastKnownFileType = text.plist.xml; path = Info.plist; sourceTree = "<group>"; };
		29E312547C4407B856EAA805 /* Pods-PixelCityApp.debug.xcconfig */ = {isa = PBXFileReference; includeInIndex = 1; lastKnownFileType = text.xcconfig; name = "Pods-PixelCityApp.debug.xcconfig"; path = "Pods/Target Support Files/Pods-PixelCityApp/Pods-PixelCityApp.debug.xcconfig"; sourceTree = "<group>"; };
		910AEF32220D652A00332702 /* GradientView.swift */ = {isa = PBXFileReference; lastKnownFileType = sourcecode.swift; path = GradientView.swift; sourceTree = "<group>"; };
		910AEF34220D725200332702 /* CustomLabel.swift */ = {isa = PBXFileReference; lastKnownFileType = sourcecode.swift; path = CustomLabel.swift; sourceTree = "<group>"; };
		9A2619610862C5DA757BD46D /* Pods_PixelCityApp.framework */ = {isa = PBXFileReference; explicitFileType = wrapper.framework; includeInIndex = 0; path = Pods_PixelCityApp.framework; sourceTree = BUILT_PRODUCTS_DIR; };
		F72263D83A7A7BC26C314EF6 /* Pods-PixelCityApp.release.xcconfig */ = {isa = PBXFileReference; includeInIndex = 1; lastKnownFileType = text.xcconfig; name = "Pods-PixelCityApp.release.xcconfig"; path = "Pods/Target Support Files/Pods-PixelCityApp/Pods-PixelCityApp.release.xcconfig"; sourceTree = "<group>"; };
/* End PBXFileReference section */

/* Begin PBXFrameworksBuildPhase section */
		22F723A620F83A9D002F8F9E /* Frameworks */ = {
			isa = PBXFrameworksBuildPhase;
			buildActionMask = 2147483647;
			files = (
				824F69CD191296D4F32AB244 /* Pods_PixelCityApp.framework in Frameworks */,
			);
			runOnlyForDeploymentPostprocessing = 0;
		};
/* End PBXFrameworksBuildPhase section */

/* Begin PBXGroup section */
		19094D5E3219046398661E98 /* Frameworks */ = {
			isa = PBXGroup;
			children = (
				9A2619610862C5DA757BD46D /* Pods_PixelCityApp.framework */,
			);
			name = Frameworks;
			sourceTree = "<group>";
		};
		22F723A020F83A9C002F8F9E = {
			isa = PBXGroup;
			children = (
				22F723AB20F83A9D002F8F9E /* PixelCityApp */,
				22F723AA20F83A9D002F8F9E /* Products */,
				999D2FC5D097A3E09B35FBB1 /* Pods */,
				19094D5E3219046398661E98 /* Frameworks */,
			);
			sourceTree = "<group>";
		};
		22F723AA20F83A9D002F8F9E /* Products */ = {
			isa = PBXGroup;
			children = (
				22F723A920F83A9D002F8F9E /* PixelCityApp.app */,
			);
			name = Products;
			sourceTree = "<group>";
		};
		22F723AB20F83A9D002F8F9E /* PixelCityApp */ = {
			isa = PBXGroup;
			children = (
				22F723C120F83D38002F8F9E /* Utilities */,
				22F723BF20F83D15002F8F9E /* View */,
				22F723BE20F83D05002F8F9E /* Controller */,
				22F723AC20F83A9D002F8F9E /* AppDelegate.swift */,
				22F723B020F83A9D002F8F9E /* Main.storyboard */,
				22F723B320F83AAB002F8F9E /* Assets.xcassets */,
				22F723B520F83AAB002F8F9E /* LaunchScreen.storyboard */,
				22F723B820F83AAB002F8F9E /* Info.plist */,
			);
			path = PixelCityApp;
			sourceTree = "<group>";
		};
		22F723BE20F83D05002F8F9E /* Controller */ = {
			isa = PBXGroup;
			children = (
				22F723AE20F83A9D002F8F9E /* MapVC.swift */,
				223FBF212116326A00729F79 /* PopVC.swift */,
			);
			path = Controller;
			sourceTree = "<group>";
		};
		22F723BF20F83D15002F8F9E /* View */ = {
			isa = PBXGroup;
			children = (
				2268638720F94BEE00FEEB55 /* DroppablePin.swift */,
				22806A87211470830055F493 /* PhotoCell.swift */,
				910AEF32220D652A00332702 /* GradientView.swift */,
				910AEF34220D725200332702 /* CustomLabel.swift */,
			);
			path = View;
			sourceTree = "<group>";
		};
		22F723C120F83D38002F8F9E /* Utilities */ = {
			isa = PBXGroup;
			children = (
				22806A8921149DA60055F493 /* Constants.swift */,
			);
			path = Utilities;
			sourceTree = "<group>";
		};
		999D2FC5D097A3E09B35FBB1 /* Pods */ = {
			isa = PBXGroup;
			children = (
				29E312547C4407B856EAA805 /* Pods-PixelCityApp.debug.xcconfig */,
				F72263D83A7A7BC26C314EF6 /* Pods-PixelCityApp.release.xcconfig */,
			);
			name = Pods;
			sourceTree = "<group>";
		};
/* End PBXGroup section */

/* Begin PBXNativeTarget section */
		22F723A820F83A9D002F8F9E /* PixelCityApp */ = {
			isa = PBXNativeTarget;
			buildConfigurationList = 22F723BB20F83AAB002F8F9E /* Build configuration list for PBXNativeTarget "PixelCityApp" */;
			buildPhases = (
				AF221F49E7A613AE3D115172 /* [CP] Check Pods Manifest.lock */,
				22F723A520F83A9D002F8F9E /* Sources */,
				22F723A620F83A9D002F8F9E /* Frameworks */,
				22F723A720F83A9D002F8F9E /* Resources */,
				60E7EE8DEB39D1FA156255EB /* [CP] Embed Pods Frameworks */,
			);
			buildRules = (
			);
			dependencies = (
			);
			name = PixelCityApp;
			productName = PixelCityApp;
			productReference = 22F723A920F83A9D002F8F9E /* PixelCityApp.app */;
			productType = "com.apple.product-type.application";
		};
/* End PBXNativeTarget section */

/* Begin PBXProject section */
		22F723A120F83A9C002F8F9E /* Project object */ = {
			isa = PBXProject;
			attributes = {
				LastSwiftUpdateCheck = 0940;
				LastUpgradeCheck = 0940;
				ORGANIZATIONNAME = MacOS;
				TargetAttributes = {
					22F723A820F83A9D002F8F9E = {
						CreatedOnToolsVersion = 9.4;
						LastSwiftMigration = 1000;
					};
				};
			};
			buildConfigurationList = 22F723A420F83A9C002F8F9E /* Build configuration list for PBXProject "PixelCityApp" */;
			compatibilityVersion = "Xcode 9.3";
			developmentRegion = en;
			hasScannedForEncodings = 0;
			knownRegions = (
				en,
				Base,
			);
			mainGroup = 22F723A020F83A9C002F8F9E;
			productRefGroup = 22F723AA20F83A9D002F8F9E /* Products */;
			projectDirPath = "";
			projectRoot = "";
			targets = (
				22F723A820F83A9D002F8F9E /* PixelCityApp */,
			);
		};
/* End PBXProject section */

/* Begin PBXResourcesBuildPhase section */
		22F723A720F83A9D002F8F9E /* Resources */ = {
			isa = PBXResourcesBuildPhase;
			buildActionMask = 2147483647;
			files = (
				22F723B720F83AAB002F8F9E /* LaunchScreen.storyboard in Resources */,
				22F723B420F83AAB002F8F9E /* Assets.xcassets in Resources */,
				22F723B220F83A9D002F8F9E /* Main.storyboard in Resources */,
			);
			runOnlyForDeploymentPostprocessing = 0;
		};
/* End PBXResourcesBuildPhase section */

/* Begin PBXShellScriptBuildPhase section */
		60E7EE8DEB39D1FA156255EB /* [CP] Embed Pods Frameworks */ = {
			isa = PBXShellScriptBuildPhase;
			buildActionMask = 2147483647;
			files = (
			);
			inputPaths = (
				"${SRCROOT}/Pods/Target Support Files/Pods-PixelCityApp/Pods-PixelCityApp-frameworks.sh",
				"${BUILT_PRODUCTS_DIR}/Alamofire/Alamofire.framework",
				"${BUILT_PRODUCTS_DIR}/AlamofireImage/AlamofireImage.framework",
			);
			name = "[CP] Embed Pods Frameworks";
			outputPaths = (
				"${TARGET_BUILD_DIR}/${FRAMEWORKS_FOLDER_PATH}/Alamofire.framework",
				"${TARGET_BUILD_DIR}/${FRAMEWORKS_FOLDER_PATH}/AlamofireImage.framework",
			);
			runOnlyForDeploymentPostprocessing = 0;
			shellPath = /bin/sh;
			shellScript = "\"${SRCROOT}/Pods/Target Support Files/Pods-PixelCityApp/Pods-PixelCityApp-frameworks.sh\"\n";
			showEnvVarsInLog = 0;
		};
		AF221F49E7A613AE3D115172 /* [CP] Check Pods Manifest.lock */ = {
			isa = PBXShellScriptBuildPhase;
			buildActionMask = 2147483647;
			files = (
			);
			inputPaths = (
				"${PODS_PODFILE_DIR_PATH}/Podfile.lock",
				"${PODS_ROOT}/Manifest.lock",
			);
			name = "[CP] Check Pods Manifest.lock";
			outputPaths = (
				"$(DERIVED_FILE_DIR)/Pods-PixelCityApp-checkManifestLockResult.txt",
			);
			runOnlyForDeploymentPostprocessing = 0;
			shellPath = /bin/sh;
			shellScript = "diff \"${PODS_PODFILE_DIR_PATH}/Podfile.lock\" \"${PODS_ROOT}/Manifest.lock\" > /dev/null\nif [ $? != 0 ] ; then\n    # print error to STDERR\n    echo \"error: The sandbox is not in sync with the Podfile.lock. Run 'pod install' or update your CocoaPods installation.\" >&2\n    exit 1\nfi\n# This output is used by Xcode 'outputs' to avoid re-running this script phase.\necho \"SUCCESS\" > \"${SCRIPT_OUTPUT_FILE_0}\"\n";
			showEnvVarsInLog = 0;
		};
/* End PBXShellScriptBuildPhase section */

/* Begin PBXSourcesBuildPhase section */
		22F723A520F83A9D002F8F9E /* Sources */ = {
			isa = PBXSourcesBuildPhase;
			buildActionMask = 2147483647;
			files = (
				223FBF222116326A00729F79 /* PopVC.swift in Sources */,
				22806A8A21149DA60055F493 /* Constants.swift in Sources */,
				22806A88211470830055F493 /* PhotoCell.swift in Sources */,
				22F723AF20F83A9D002F8F9E /* MapVC.swift in Sources */,
				910AEF33220D652A00332702 /* GradientView.swift in Sources */,
				2268638820F94BEE00FEEB55 /* DroppablePin.swift in Sources */,
				22F723AD20F83A9D002F8F9E /* AppDelegate.swift in Sources */,
				910AEF35220D725200332702 /* CustomLabel.swift in Sources */,
			);
			runOnlyForDeploymentPostprocessing = 0;
		};
/* End PBXSourcesBuildPhase section */

/* Begin PBXVariantGroup section */
		22F723B020F83A9D002F8F9E /* Main.storyboard */ = {
			isa = PBXVariantGroup;
			children = (
				22F723B120F83A9D002F8F9E /* Base */,
			);
			name = Main.storyboard;
			sourceTree = "<group>";
		};
		22F723B520F83AAB002F8F9E /* LaunchScreen.storyboard */ = {
			isa = PBXVariantGroup;
			children = (
				22F723B620F83AAB002F8F9E /* Base */,
			);
			name = LaunchScreen.storyboard;
			sourceTree = "<group>";
		};
/* End PBXVariantGroup section */

/* Begin XCBuildConfiguration section */
		22F723B920F83AAB002F8F9E /* Debug */ = {
			isa = XCBuildConfiguration;
			buildSettings = {
				ALWAYS_SEARCH_USER_PATHS = NO;
				CLANG_ANALYZER_NONNULL = YES;
				CLANG_ANALYZER_NUMBER_OBJECT_CONVERSION = YES_AGGRESSIVE;
				CLANG_CXX_LANGUAGE_STANDARD = "gnu++14";
				CLANG_CXX_LIBRARY = "libc++";
				CLANG_ENABLE_MODULES = YES;
				CLANG_ENABLE_OBJC_ARC = YES;
				CLANG_ENABLE_OBJC_WEAK = YES;
				CLANG_WARN_BLOCK_CAPTURE_AUTORELEASING = YES;
				CLANG_WARN_BOOL_CONVERSION = YES;
				CLANG_WARN_COMMA = YES;
				CLANG_WARN_CONSTANT_CONVERSION = YES;
				CLANG_WARN_DEPRECATED_OBJC_IMPLEMENTATIONS = YES;
				CLANG_WARN_DIRECT_OBJC_ISA_USAGE = YES_ERROR;
				CLANG_WARN_DOCUMENTATION_COMMENTS = YES;
				CLANG_WARN_EMPTY_BODY = YES;
				CLANG_WARN_ENUM_CONVERSION = YES;
				CLANG_WARN_INFINITE_RECURSION = YES;
				CLANG_WARN_INT_CONVERSION = YES;
				CLANG_WARN_NON_LITERAL_NULL_CONVERSION = YES;
				CLANG_WARN_OBJC_IMPLICIT_RETAIN_SELF = YES;
				CLANG_WARN_OBJC_LITERAL_CONVERSION = YES;
				CLANG_WARN_OBJC_ROOT_CLASS = YES_ERROR;
				CLANG_WARN_RANGE_LOOP_ANALYSIS = YES;
				CLANG_WARN_STRICT_PROTOTYPES = YES;
				CLANG_WARN_SUSPICIOUS_MOVE = YES;
				CLANG_WARN_UNGUARDED_AVAILABILITY = YES_AGGRESSIVE;
				CLANG_WARN_UNREACHABLE_CODE = YES;
				CLANG_WARN__DUPLICATE_METHOD_MATCH = YES;
				CODE_SIGN_IDENTITY = "iPhone Developer";
				COPY_PHASE_STRIP = NO;
				DEBUG_INFORMATION_FORMAT = dwarf;
				ENABLE_STRICT_OBJC_MSGSEND = YES;
				ENABLE_TESTABILITY = YES;
				GCC_C_LANGUAGE_STANDARD = gnu11;
				GCC_DYNAMIC_NO_PIC = NO;
				GCC_NO_COMMON_BLOCKS = YES;
				GCC_OPTIMIZATION_LEVEL = 0;
				GCC_PREPROCESSOR_DEFINITIONS = (
					"DEBUG=1",
					"$(inherited)",
				);
				GCC_WARN_64_TO_32_BIT_CONVERSION = YES;
				GCC_WARN_ABOUT_RETURN_TYPE = YES_ERROR;
				GCC_WARN_UNDECLARED_SELECTOR = YES;
				GCC_WARN_UNINITIALIZED_AUTOS = YES_AGGRESSIVE;
				GCC_WARN_UNUSED_FUNCTION = YES;
				GCC_WARN_UNUSED_VARIABLE = YES;
				IPHONEOS_DEPLOYMENT_TARGET = 11.4;
				MTL_ENABLE_DEBUG_INFO = YES;
				ONLY_ACTIVE_ARCH = YES;
				SDKROOT = iphoneos;
				SWIFT_ACTIVE_COMPILATION_CONDITIONS = DEBUG;
				SWIFT_OPTIMIZATION_LEVEL = "-Onone";
			};
			name = Debug;
		};
		22F723BA20F83AAB002F8F9E /* Release */ = {
			isa = XCBuildConfiguration;
			buildSettings = {
				ALWAYS_SEARCH_USER_PATHS = NO;
				CLANG_ANALYZER_NONNULL = YES;
				CLANG_ANALYZER_NUMBER_OBJECT_CONVERSION = YES_AGGRESSIVE;
				CLANG_CXX_LANGUAGE_STANDARD = "gnu++14";
				CLANG_CXX_LIBRARY = "libc++";
				CLANG_ENABLE_MODULES = YES;
				CLANG_ENABLE_OBJC_ARC = YES;
				CLANG_ENABLE_OBJC_WEAK = YES;
				CLANG_WARN_BLOCK_CAPTURE_AUTORELEASING = YES;
				CLANG_WARN_BOOL_CONVERSION = YES;
				CLANG_WARN_COMMA = YES;
				CLANG_WARN_CONSTANT_CONVERSION = YES;
				CLANG_WARN_DEPRECATED_OBJC_IMPLEMENTATIONS = YES;
				CLANG_WARN_DIRECT_OBJC_ISA_USAGE = YES_ERROR;
				CLANG_WARN_DOCUMENTATION_COMMENTS = YES;
				CLANG_WARN_EMPTY_BODY = YES;
				CLANG_WARN_ENUM_CONVERSION = YES;
				CLANG_WARN_INFINITE_RECURSION = YES;
				CLANG_WARN_INT_CONVERSION = YES;
				CLANG_WARN_NON_LITERAL_NULL_CONVERSION = YES;
				CLANG_WARN_OBJC_IMPLICIT_RETAIN_SELF = YES;
				CLANG_WARN_OBJC_LITERAL_CONVERSION = YES;
				CLANG_WARN_OBJC_ROOT_CLASS = YES_ERROR;
				CLANG_WARN_RANGE_LOOP_ANALYSIS = YES;
				CLANG_WARN_STRICT_PROTOTYPES = YES;
				CLANG_WARN_SUSPICIOUS_MOVE = YES;
				CLANG_WARN_UNGUARDED_AVAILABILITY = YES_AGGRESSIVE;
				CLANG_WARN_UNREACHABLE_CODE = YES;
				CLANG_WARN__DUPLICATE_METHOD_MATCH = YES;
				CODE_SIGN_IDENTITY = "iPhone Developer";
				COPY_PHASE_STRIP = NO;
				DEBUG_INFORMATION_FORMAT = "dwarf-with-dsym";
				ENABLE_NS_ASSERTIONS = NO;
				ENABLE_STRICT_OBJC_MSGSEND = YES;
				GCC_C_LANGUAGE_STANDARD = gnu11;
				GCC_NO_COMMON_BLOCKS = YES;
				GCC_WARN_64_TO_32_BIT_CONVERSION = YES;
				GCC_WARN_ABOUT_RETURN_TYPE = YES_ERROR;
				GCC_WARN_UNDECLARED_SELECTOR = YES;
				GCC_WARN_UNINITIALIZED_AUTOS = YES_AGGRESSIVE;
				GCC_WARN_UNUSED_FUNCTION = YES;
				GCC_WARN_UNUSED_VARIABLE = YES;
				IPHONEOS_DEPLOYMENT_TARGET = 11.4;
				MTL_ENABLE_DEBUG_INFO = NO;
				SDKROOT = iphoneos;
				SWIFT_COMPILATION_MODE = wholemodule;
				SWIFT_OPTIMIZATION_LEVEL = "-O";
				VALIDATE_PRODUCT = YES;
			};
			name = Release;
		};
		22F723BC20F83AAB002F8F9E /* Debug */ = {
			isa = XCBuildConfiguration;
			baseConfigurationReference = 29E312547C4407B856EAA805 /* Pods-PixelCityApp.debug.xcconfig */;
			buildSettings = {
				ASSETCATALOG_COMPILER_APPICON_NAME = AppIcon;
				CODE_SIGN_STYLE = Automatic;
				DEVELOPMENT_TEAM = K299V5NB32;
				INFOPLIST_FILE = PixelCityApp/Info.plist;
				LD_RUNPATH_SEARCH_PATHS = (
					"$(inherited)",
					"@executable_path/Frameworks",
				);
				PRODUCT_BUNDLE_IDENTIFIER = moamen.com.PixelCityApp;
				PRODUCT_NAME = "$(TARGET_NAME)";
				SWIFT_VERSION = 4.2;
				TARGETED_DEVICE_FAMILY = "1,2";
			};
			name = Debug;
		};
		22F723BD20F83AAB002F8F9E /* Release */ = {
			isa = XCBuildConfiguration;
			baseConfigurationReference = F72263D83A7A7BC26C314EF6 /* Pods-PixelCityApp.release.xcconfig */;
			buildSettings = {
				ASSETCATALOG_COMPILER_APPICON_NAME = AppIcon;
				CODE_SIGN_STYLE = Automatic;
				DEVELOPMENT_TEAM = K299V5NB32;
				INFOPLIST_FILE = PixelCityApp/Info.plist;
				LD_RUNPATH_SEARCH_PATHS = (
					"$(inherited)",
					"@executable_path/Frameworks",
				);
				PRODUCT_BUNDLE_IDENTIFIER = moamen.com.PixelCityApp;
				PRODUCT_NAME = "$(TARGET_NAME)";
				SWIFT_VERSION = 4.2;
				TARGETED_DEVICE_FAMILY = "1,2";
			};
			name = Release;
		};
/* End XCBuildConfiguration section */

/* Begin XCConfigurationList section */
		22F723A420F83A9C002F8F9E /* Build configuration list for PBXProject "PixelCityApp" */ = {
			isa = XCConfigurationList;
			buildConfigurations = (
				22F723B920F83AAB002F8F9E /* Debug */,
				22F723BA20F83AAB002F8F9E /* Release */,
			);
			defaultConfigurationIsVisible = 0;
			defaultConfigurationName = Release;
		};
		22F723BB20F83AAB002F8F9E /* Build configuration list for PBXNativeTarget "PixelCityApp" */ = {
			isa = XCConfigurationList;
			buildConfigurations = (
				22F723BC20F83AAB002F8F9E /* Debug */,
				22F723BD20F83AAB002F8F9E /* Release */,
			);
			defaultConfigurationIsVisible = 0;
			defaultConfigurationName = Release;
		};
/* End XCConfigurationList section */
	};
	rootObject = 22F723A120F83A9C002F8F9E /* Project object */;
}
